// !$*UTF8*$!
{
	archiveVersion = 1;
	classes = {
	};
	objectVersion = 46;
	objects = {

/* Begin PBXFileReference section */
		A8103E94160B199700D490C9 /* poppy.xml */ = {isa = PBXFileReference; fileEncoding = 4; lastKnownFileType = text.xml; path = poppy.xml; sourceTree = "<group>"; };
		A812C6B416132D3A0007269F /* conf.py */ = {isa = PBXFileReference; fileEncoding = 4; lastKnownFileType = text.script.python; path = conf.py; sourceTree = "<group>"; };
		A812C6B516132D3A0007269F /* dynamixel.rst */ = {isa = PBXFileReference; fileEncoding = 4; lastKnownFileType = text; path = dynamixel.rst; sourceTree = "<group>"; };
		A812C6B616132D3A0007269F /* FAQ.rst */ = {isa = PBXFileReference; fileEncoding = 4; lastKnownFileType = text; path = FAQ.rst; sourceTree = "<group>"; };
		A812C6B716132D3A0007269F /* index.rst */ = {isa = PBXFileReference; fileEncoding = 4; lastKnownFileType = text; path = index.rst; sourceTree = "<group>"; };
		A812C6B816132D3A0007269F /* intro.rst */ = {isa = PBXFileReference; fileEncoding = 4; lastKnownFileType = text; path = intro.rst; sourceTree = "<group>"; };
		A812C6BB16132D3A0007269F /* tutorial.rst */ = {isa = PBXFileReference; fileEncoding = 4; lastKnownFileType = text; path = tutorial.rst; sourceTree = "<group>"; };
		A812C6BE161331350007269F /* knownissues.rst */ = {isa = PBXFileReference; fileEncoding = 4; lastKnownFileType = text; path = knownissues.rst; sourceTree = "<group>"; };
		A812C6BF161351860007269F /* flower.xml */ = {isa = PBXFileReference; fileEncoding = 4; lastKnownFileType = text.xml; path = flower.xml; sourceTree = "<group>"; };
		A82D52C815F2599E00ED73DC /* io.py */ = {isa = PBXFileReference; fileEncoding = 4; lastKnownFileType = text.script.python; path = io.py; sourceTree = "<group>"; };
		A82D52CA15F259C800ED73DC /* conversion.py */ = {isa = PBXFileReference; fileEncoding = 4; lastKnownFileType = text.script.python; path = conversion.py; sourceTree = "<group>"; };
		A82D52CD15F25A5700ED73DC /* motor-sinus.py */ = {isa = PBXFileReference; fileEncoding = 4; lastKnownFileType = text.script.python; path = "motor-sinus.py"; sourceTree = "<group>"; };
		A82F6C7215F89D6100AFBA1E /* torso.xml */ = {isa = PBXFileReference; fileEncoding = 4; lastKnownFileType = text.xml; path = torso.xml; sourceTree = "<group>"; };
		A82F6C7515F89EC000AFBA1E /* __init__.py */ = {isa = PBXFileReference; fileEncoding = 4; lastKnownFileType = text.script.python; path = __init__.py; sourceTree = "<group>"; };
		A842F7A61682095D00BF235B /* xmlparser.py */ = {isa = PBXFileReference; fileEncoding = 4; lastKnownFileType = text.script.python; path = xmlparser.py; sourceTree = "<group>"; };
		A85047431696062500EF5AB8 /* api.rst */ = {isa = PBXFileReference; fileEncoding = 4; lastKnownFileType = text; path = api.rst; sourceTree = "<group>"; };
		A851D2011631E327009FFACA /* __init__.py */ = {isa = PBXFileReference; fileEncoding = 4; lastKnownFileType = text.script.python; path = __init__.py; sourceTree = "<group>"; };
		A851D2021631E335009FFACA /* primitive.py */ = {isa = PBXFileReference; fileEncoding = 4; lastKnownFileType = text.script.python; path = primitive.py; sourceTree = "<group>"; };
		A851D2041631E353009FFACA /* manager.py */ = {isa = PBXFileReference; fileEncoding = 4; lastKnownFileType = text.script.python; path = manager.py; sourceTree = "<group>"; };
		A861048215BF3ADC005F6573 /* setup.py */ = {isa = PBXFileReference; fileEncoding = 4; lastKnownFileType = text.script.python; path = setup.py; sourceTree = "<group>"; };
		A861048315BF3AE8005F6573 /* README */ = {isa = PBXFileReference; fileEncoding = 4; lastKnownFileType = text; path = README; sourceTree = "<group>"; };
		A8656EE0165BC43C006B73F3 /* error.py */ = {isa = PBXFileReference; fileEncoding = 4; lastKnownFileType = text.script.python; path = error.py; sourceTree = "<group>"; };
		A89F23B415F602E8007590EC /* packet.py */ = {isa = PBXFileReference; fileEncoding = 4; lastKnownFileType = text.script.python; path = packet.py; sourceTree = "<group>"; };
		A8A891AA15F8C4AF009483EB /* test_connection.py */ = {isa = PBXFileReference; fileEncoding = 4; lastKnownFileType = text.script.python; path = test_connection.py; sourceTree = "<group>"; };
		A8BED67515BFFFAA00229A79 /* __init__.py */ = {isa = PBXFileReference; fileEncoding = 4; lastKnownFileType = text.script.python; path = __init__.py; sourceTree = "<group>"; };
		A8BED67615BFFFB900229A79 /* __init__.py */ = {isa = PBXFileReference; fileEncoding = 4; lastKnownFileType = text.script.python; path = __init__.py; sourceTree = "<group>"; };
		A8BED67715C0000100229A79 /* test_dynamixel.py */ = {isa = PBXFileReference; fileEncoding = 4; lastKnownFileType = text.script.python; path = test_dynamixel.py; sourceTree = "<group>"; };
		A8C7D0D915F76468007C5E66 /* test_conversions.py */ = {isa = PBXFileReference; fileEncoding = 4; lastKnownFileType = text.script.python; path = test_conversions.py; sourceTree = "<group>"; };
		A8C7D0DF15F79E6A007C5E66 /* controller.py */ = {isa = PBXFileReference; fileEncoding = 4; lastKnownFileType = text.script.python; path = controller.py; sourceTree = "<group>"; };
		A8C7D0E015F7A39C007C5E66 /* motor.py */ = {isa = PBXFileReference; fileEncoding = 4; lastKnownFileType = text.script.python; path = motor.py; sourceTree = "<group>"; };
		A8C7D0E115F7A926007C5E66 /* robot.py */ = {isa = PBXFileReference; fileEncoding = 4; lastKnownFileType = text.script.python; path = robot.py; sourceTree = "<group>"; };
		A8F34CBD1632E57500BA7DF0 /* herborist.py */ = {isa = PBXFileReference; fileEncoding = 4; lastKnownFileType = text.script.python; path = herborist.py; sourceTree = "<group>"; };
		A8F34CBE1632E5DE00BA7DF0 /* herborist.ui */ = {isa = PBXFileReference; fileEncoding = 4; lastKnownFileType = text.xml; path = herborist.ui; sourceTree = "<group>"; };
		A8FBA9BB1682039200394467 /* tmp.xml */ = {isa = PBXFileReference; fileEncoding = 4; lastKnownFileType = text.xml; path = tmp.xml; sourceTree = "<group>"; };
/* End PBXFileReference section */

/* Begin PBXGroup section */
		A812C6B316132D3A0007269F /* doc */ = {
			isa = PBXGroup;
			children = (
				A812C6B416132D3A0007269F /* conf.py */,
				A812C6B716132D3A0007269F /* index.rst */,
				A812C6B816132D3A0007269F /* intro.rst */,
				A812C6BB16132D3A0007269F /* tutorial.rst */,
				A812C6B516132D3A0007269F /* dynamixel.rst */,
				A812C6B616132D3A0007269F /* FAQ.rst */,
				A812C6BE161331350007269F /* knownissues.rst */,
				A85047431696062500EF5AB8 /* api.rst */,
			);
			path = doc;
			sourceTree = SOURCE_ROOT;
		};
		A82D52CC15F25A3F00ED73DC /* samples */ = {
			isa = PBXGroup;
			children = (
				A82D52CD15F25A5700ED73DC /* motor-sinus.py */,
			);
			path = samples;
			sourceTree = "<group>";
		};
		A851D1FF1631E2D7009FFACA /* primitive */ = {
			isa = PBXGroup;
			children = (
				A851D2011631E327009FFACA /* __init__.py */,
				A851D2021631E335009FFACA /* primitive.py */,
				A851D2041631E353009FFACA /* manager.py */,
			);
			path = primitive;
			sourceTree = "<group>";
		};
		A861046F15BF06DC005F6573 = {
			isa = PBXGroup;
			children = (
				A861048415BF3D62005F6573 /* pypot */,
				A8C7D0DA15F76574007C5E66 /* resources */,
				A812C6B316132D3A0007269F /* doc */,
				A82D52CC15F25A3F00ED73DC /* samples */,
				A861048615BF3D62005F6573 /* test */,
				A8F34CBC1632E55C00BA7DF0 /* tools */,
				A861048215BF3ADC005F6573 /* setup.py */,
				A861048315BF3AE8005F6573 /* README */,
			);
			sourceTree = "<group>";
		};
		A861048415BF3D62005F6573 /* pypot */ = {
			isa = PBXGroup;
			children = (
				A8BED67515BFFFAA00229A79 /* __init__.py */,
				A8C7D0DE15F79E07007C5E66 /* robot */,
				A851D1FF1631E2D7009FFACA /* primitive */,
				A8BED67315BFFF9B00229A79 /* dynamixel */,
			);
			path = pypot;
			sourceTree = "<group>";
		};
		A861048615BF3D62005F6573 /* test */ = {
			isa = PBXGroup;
			children = (
				A8C7D0D815F7645D007C5E66 /* dynamixel */,
				A8BED67715C0000100229A79 /* test_dynamixel.py */,
			);
			path = test;
			sourceTree = "<group>";
		};
		A8BED67315BFFF9B00229A79 /* dynamixel */ = {
			isa = PBXGroup;
			children = (
				A8BED67615BFFFB900229A79 /* __init__.py */,
				A82D52C815F2599E00ED73DC /* io.py */,
				A8C7D0E015F7A39C007C5E66 /* motor.py */,
				A8C7D0DF15F79E6A007C5E66 /* controller.py */,
				A89F23B415F602E8007590EC /* packet.py */,
				A82D52CA15F259C800ED73DC /* conversion.py */,
				A8656EE0165BC43C006B73F3 /* error.py */,
			);
			path = dynamixel;
			sourceTree = "<group>";
		};
		A8C7D0D815F7645D007C5E66 /* dynamixel */ = {
			isa = PBXGroup;
			children = (
				A8C7D0D915F76468007C5E66 /* test_conversions.py */,
				A8A891AA15F8C4AF009483EB /* test_connection.py */,
			);
			path = dynamixel;
			sourceTree = "<group>";
		};
		A8C7D0DA15F76574007C5E66 /* resources */ = {
			isa = PBXGroup;
			children = (
				A82F6C7215F89D6100AFBA1E /* torso.xml */,
				A8103E94160B199700D490C9 /* poppy.xml */,
				A812C6BF161351860007269F /* flower.xml */,
				A8FBA9BB1682039200394467 /* tmp.xml */,
			);
			path = resources;
			sourceTree = SOURCE_ROOT;
		};
		A8C7D0DE15F79E07007C5E66 /* robot */ = {
			isa = PBXGroup;
			children = (
				A82F6C7515F89EC000AFBA1E /* __init__.py */,
				A8C7D0E115F7A926007C5E66 /* robot.py */,
				A842F7A61682095D00BF235B /* xmlparser.py */,
			);
			path = robot;
			sourceTree = "<group>";
		};
		A8F34CBC1632E55C00BA7DF0 /* tools */ = {
			isa = PBXGroup;
			children = (
				A8F34CBD1632E57500BA7DF0 /* herborist.py */,
				A8F34CBE1632E5DE00BA7DF0 /* herborist.ui */,
			);
			path = tools;
			sourceTree = "<group>";
		};
/* End PBXGroup section */

/* Begin PBXLegacyTarget section */
		A861047615BF06DC005F6573 /* PyPot */ = {
			isa = PBXLegacyTarget;
			buildArgumentsString = "$(ACTION)";
			buildConfigurationList = A861047915BF06DC005F6573 /* Build configuration list for PBXLegacyTarget "PyPot" */;
			buildPhases = (
			);
			buildToolPath = /usr/bin/python;
			dependencies = (
			);
			name = PyPot;
			passBuildSettingsInEnvironment = 1;
			productName = PyPot;
		};
/* End PBXLegacyTarget section */

/* Begin PBXProject section */
		A861047115BF06DC005F6573 /* Project object */ = {
			isa = PBXProject;
			attributes = {
				LastUpgradeCheck = 0440;
				ORGANIZATIONNAME = INRIA;
			};
			buildConfigurationList = A861047415BF06DC005F6573 /* Build configuration list for PBXProject "PyPot" */;
			compatibilityVersion = "Xcode 3.2";
			developmentRegion = English;
			hasScannedForEncodings = 0;
			knownRegions = (
				en,
			);
			mainGroup = A861046F15BF06DC005F6573;
			projectDirPath = "";
			projectRoot = "";
			targets = (
				A861047615BF06DC005F6573 /* PyPot */,
			);
		};
/* End PBXProject section */

/* Begin XCBuildConfiguration section */
		A861047715BF06DC005F6573 /* Debug */ = {
			isa = XCBuildConfiguration;
			buildSettings = {
				ALWAYS_SEARCH_USER_PATHS = NO;
				ARCHS = "$(ARCHS_STANDARD_64_BIT)";
				COPY_PHASE_STRIP = NO;
				GCC_C_LANGUAGE_STANDARD = gnu99;
				GCC_DYNAMIC_NO_PIC = NO;
				GCC_ENABLE_OBJC_EXCEPTIONS = YES;
				GCC_OPTIMIZATION_LEVEL = 0;
				GCC_PREPROCESSOR_DEFINITIONS = (
					"DEBUG=1",
					"$(inherited)",
				);
				GCC_SYMBOLS_PRIVATE_EXTERN = NO;
				GCC_VERSION = com.apple.compilers.llvm.clang.1_0;
				GCC_WARN_64_TO_32_BIT_CONVERSION = YES;
				GCC_WARN_ABOUT_RETURN_TYPE = YES;
				GCC_WARN_UNINITIALIZED_AUTOS = YES;
				GCC_WARN_UNUSED_VARIABLE = YES;
				MACOSX_DEPLOYMENT_TARGET = 10.7;
				ONLY_ACTIVE_ARCH = YES;
				SDKROOT = macosx;
			};
			name = Debug;
		};
		A861047815BF06DC005F6573 /* Release */ = {
			isa = XCBuildConfiguration;
			buildSettings = {
				ALWAYS_SEARCH_USER_PATHS = NO;
				ARCHS = "$(ARCHS_STANDARD_64_BIT)";
				COPY_PHASE_STRIP = YES;
				DEBUG_INFORMATION_FORMAT = "dwarf-with-dsym";
				GCC_C_LANGUAGE_STANDARD = gnu99;
				GCC_ENABLE_OBJC_EXCEPTIONS = YES;
				GCC_VERSION = com.apple.compilers.llvm.clang.1_0;
				GCC_WARN_64_TO_32_BIT_CONVERSION = YES;
				GCC_WARN_ABOUT_RETURN_TYPE = YES;
				GCC_WARN_UNINITIALIZED_AUTOS = YES;
				GCC_WARN_UNUSED_VARIABLE = YES;
				MACOSX_DEPLOYMENT_TARGET = 10.7;
				SDKROOT = macosx;
			};
			name = Release;
		};
		A861047A15BF06DC005F6573 /* Debug */ = {
			isa = XCBuildConfiguration;
			buildSettings = {
				COMBINE_HIDPI_IMAGES = YES;
				DEBUGGING_SYMBOLS = YES;
				GCC_GENERATE_DEBUGGING_SYMBOLS = YES;
				GCC_OPTIMIZATION_LEVEL = 0;
				OTHER_CFLAGS = "";
				OTHER_LDFLAGS = "";
				PRODUCT_NAME = "$(TARGET_NAME)";
			};
			name = Debug;
		};
		A861047B15BF06DC005F6573 /* Release */ = {
			isa = XCBuildConfiguration;
			buildSettings = {
				COMBINE_HIDPI_IMAGES = YES;
				OTHER_CFLAGS = "";
				OTHER_LDFLAGS = "";
				PRODUCT_NAME = "$(TARGET_NAME)";
			};
			name = Release;
		};
/* End XCBuildConfiguration section */

/* Begin XCConfigurationList section */
		A861047415BF06DC005F6573 /* Build configuration list for PBXProject "PyPot" */ = {
			isa = XCConfigurationList;
			buildConfigurations = (
				A861047715BF06DC005F6573 /* Debug */,
				A861047815BF06DC005F6573 /* Release */,
			);
			defaultConfigurationIsVisible = 0;
			defaultConfigurationName = Release;
		};
		A861047915BF06DC005F6573 /* Build configuration list for PBXLegacyTarget "PyPot" */ = {
			isa = XCConfigurationList;
			buildConfigurations = (
				A861047A15BF06DC005F6573 /* Debug */,
				A861047B15BF06DC005F6573 /* Release */,
			);
			defaultConfigurationIsVisible = 0;
			defaultConfigurationName = Release;
		};
/* End XCConfigurationList section */
	};
	rootObject = A861047115BF06DC005F6573 /* Project object */;
}
