// !$*UTF8*$!
{
	archiveVersion = 1;
	classes = {
	};
	objectVersion = 46;
	objects = {

/* Begin PBXFileReference section */
		A80D6D0116DE2AF2009D2E81 /* pypot.dynamixel.rst */ = {isa = PBXFileReference; fileEncoding = 4; lastKnownFileType = text; path = pypot.dynamixel.rst; sourceTree = "<group>"; };
		A80D6D0216DE2AF2009D2E81 /* pypot.robot.rst */ = {isa = PBXFileReference; fileEncoding = 4; lastKnownFileType = text; path = pypot.robot.rst; sourceTree = "<group>"; };
		A812C6B416132D3A0007269F /* conf.py */ = {isa = PBXFileReference; fileEncoding = 4; lastKnownFileType = text.script.python; path = conf.py; sourceTree = "<group>"; };
		A812C6B616132D3A0007269F /* FAQ.rst */ = {isa = PBXFileReference; fileEncoding = 4; lastKnownFileType = text; path = FAQ.rst; sourceTree = "<group>"; };
		A812C6B716132D3A0007269F /* index.rst */ = {isa = PBXFileReference; fileEncoding = 4; lastKnownFileType = text; path = index.rst; sourceTree = "<group>"; };
		A812C6B816132D3A0007269F /* intro.rst */ = {isa = PBXFileReference; fileEncoding = 4; lastKnownFileType = text; path = intro.rst; sourceTree = "<group>"; };
		A812C6BB16132D3A0007269F /* tutorial.rst */ = {isa = PBXFileReference; fileEncoding = 4; lastKnownFileType = text; path = tutorial.rst; sourceTree = "<group>"; };
		A812C6BE161331350007269F /* knownissues.rst */ = {isa = PBXFileReference; fileEncoding = 4; lastKnownFileType = text; path = knownissues.rst; sourceTree = "<group>"; };
		A82103AD170B2A3A00A1913F /* herborist.py */ = {isa = PBXFileReference; fileEncoding = 4; lastKnownFileType = text.script.python; path = herborist.py; sourceTree = "<group>"; };
		A82103AE170B2A3A00A1913F /* herborist.ui */ = {isa = PBXFileReference; fileEncoding = 4; lastKnownFileType = text.xml; path = herborist.ui; sourceTree = "<group>"; };
		A82103AF170B2AA400A1913F /* __init__.py */ = {isa = PBXFileReference; fileEncoding = 4; lastKnownFileType = text.script.python; path = __init__.py; sourceTree = "<group>"; };
		A82103B0170B2AAD00A1913F /* __init__.py */ = {isa = PBXFileReference; fileEncoding = 4; lastKnownFileType = text.script.python; path = __init__.py; sourceTree = "<group>"; };
		A82103B2170B2FAF00A1913F /* ergo_robot.xml */ = {isa = PBXFileReference; fileEncoding = 4; lastKnownFileType = text.xml; path = ergo_robot.xml; sourceTree = "<group>"; };
		A82103B4170B2FAF00A1913F /* torso.xml */ = {isa = PBXFileReference; fileEncoding = 4; lastKnownFileType = text.xml; path = torso.xml; sourceTree = "<group>"; };
		A827869D16972971004D4D50 /* tools.rst */ = {isa = PBXFileReference; fileEncoding = 4; lastKnownFileType = text; path = tools.rst; sourceTree = "<group>"; };
		A82C2DCB174E1FA800DF913E /* __init__.py */ = {isa = PBXFileReference; fileEncoding = 4; lastKnownFileType = text.script.python; path = __init__.py; sourceTree = "<group>"; };
		A82C2DCC174E1FBE00DF913E /* request.py */ = {isa = PBXFileReference; fileEncoding = 4; lastKnownFileType = text.script.python; path = request.py; sourceTree = "<group>"; };
		A82C2DCD174E49A900DF913E /* zmqserver.py */ = {isa = PBXFileReference; fileEncoding = 4; lastKnownFileType = text.script.python; path = zmqserver.py; sourceTree = "<group>"; };
		A82C2DCE174E49D400DF913E /* webserver.py */ = {isa = PBXFileReference; fileEncoding = 4; lastKnownFileType = text.script.python; path = webserver.py; sourceTree = "<group>"; };
		A82D52C815F2599E00ED73DC /* io.py */ = {isa = PBXFileReference; fileEncoding = 4; lastKnownFileType = text.script.python; path = io.py; sourceTree = "<group>"; };
		A82D52CA15F259C800ED73DC /* conversion.py */ = {isa = PBXFileReference; fileEncoding = 4; lastKnownFileType = text.script.python; path = conversion.py; sourceTree = "<group>"; };
		A82F6C7515F89EC000AFBA1E /* __init__.py */ = {isa = PBXFileReference; fileEncoding = 4; lastKnownFileType = text.script.python; path = __init__.py; sourceTree = "<group>"; };
		A83A7D7A16AFF9D80009BA91 /* utils.py */ = {isa = PBXFileReference; fileEncoding = 4; lastKnownFileType = text.script.python; path = utils.py; sourceTree = "<group>"; };
		A842F7A61682095D00BF235B /* xmlparser.py */ = {isa = PBXFileReference; fileEncoding = 4; lastKnownFileType = text.script.python; path = xmlparser.py; sourceTree = "<group>"; };
		A85047431696062500EF5AB8 /* api.rst */ = {isa = PBXFileReference; fileEncoding = 4; lastKnownFileType = text; path = api.rst; sourceTree = "<group>"; };
		A861048215BF3ADC005F6573 /* setup.py */ = {isa = PBXFileReference; fileEncoding = 4; lastKnownFileType = text.script.python; path = setup.py; sourceTree = "<group>"; };
		A861048315BF3AE8005F6573 /* README */ = {isa = PBXFileReference; fileEncoding = 4; lastKnownFileType = text; path = README; sourceTree = "<group>"; };
		A8656EE0165BC43C006B73F3 /* error.py */ = {isa = PBXFileReference; fileEncoding = 4; lastKnownFileType = text.script.python; path = error.py; sourceTree = "<group>"; };
		A86752EF1712F9750053EA30 /* herborist.png */ = {isa = PBXFileReference; lastKnownFileType = image.png; path = herborist.png; sourceTree = "<group>"; };
		A87CECD317180C41007A8199 /* pypot.primitive.rst */ = {isa = PBXFileReference; fileEncoding = 4; lastKnownFileType = text; path = pypot.primitive.rst; sourceTree = "<group>"; };
		A89421AB174FA1A700E0FB47 /* poppy.xml */ = {isa = PBXFileReference; fileEncoding = 4; lastKnownFileType = text.xml; path = poppy.xml; sourceTree = "<group>"; };
		A89A7C6F174FABEC008A9321 /* server.py */ = {isa = PBXFileReference; fileEncoding = 4; lastKnownFileType = text.script.python; path = server.py; sourceTree = "<group>"; };
		A89F23B415F602E8007590EC /* packet.py */ = {isa = PBXFileReference; fileEncoding = 4; lastKnownFileType = text.script.python; path = packet.py; sourceTree = "<group>"; };
		A8A0399316D661D10004BB6A /* ErgoRobots.jpg */ = {isa = PBXFileReference; lastKnownFileType = image.jpeg; path = ErgoRobots.jpg; sourceTree = "<group>"; };
		A8BED67515BFFFAA00229A79 /* __init__.py */ = {isa = PBXFileReference; fileEncoding = 4; lastKnownFileType = text.script.python; path = __init__.py; sourceTree = "<group>"; };
		A8BED67615BFFFB900229A79 /* __init__.py */ = {isa = PBXFileReference; fileEncoding = 4; lastKnownFileType = text.script.python; path = __init__.py; sourceTree = "<group>"; };
		A8C16FB61713195C007B8903 /* __init__.py */ = {isa = PBXFileReference; fileEncoding = 4; lastKnownFileType = text.script.python; path = __init__.py; sourceTree = "<group>"; };
		A8C16FB81713195C007B8903 /* manager.py */ = {isa = PBXFileReference; fileEncoding = 4; lastKnownFileType = text.script.python; path = manager.py; sourceTree = "<group>"; };
		A8C16FB91713195C007B8903 /* primitive.py */ = {isa = PBXFileReference; fileEncoding = 4; lastKnownFileType = text.script.python; path = primitive.py; sourceTree = "<group>"; };
		A8C16FBC1713195C007B8903 /* utils.py */ = {isa = PBXFileReference; fileEncoding = 4; lastKnownFileType = text.script.python; path = utils.py; sourceTree = "<group>"; };
		A8C16FBD17131DA1007B8903 /* tmp.xml */ = {isa = PBXFileReference; fileEncoding = 4; lastKnownFileType = text.xml; path = tmp.xml; sourceTree = "<group>"; };
		A8C7D0DF15F79E6A007C5E66 /* controller.py */ = {isa = PBXFileReference; fileEncoding = 4; lastKnownFileType = text.script.python; path = controller.py; sourceTree = "<group>"; };
		A8C7D0E015F7A39C007C5E66 /* motor.py */ = {isa = PBXFileReference; fileEncoding = 4; lastKnownFileType = text.script.python; path = motor.py; sourceTree = "<group>"; };
		A8C7D0E115F7A926007C5E66 /* robot.py */ = {isa = PBXFileReference; fileEncoding = 4; lastKnownFileType = text.script.python; path = robot.py; sourceTree = "<group>"; };
		A8C80802170DC09400918946 /* layout.html */ = {isa = PBXFileReference; fileEncoding = 4; lastKnownFileType = text.html; path = layout.html; sourceTree = "<group>"; };
		A8C80803170DCAE800918946 /* my-css.css */ = {isa = PBXFileReference; fileEncoding = 4; lastKnownFileType = text.css; path = "my-css.css"; sourceTree = "<group>"; };
		A8DB277A1737ADD50079B65D /* my_ergo.xml */ = {isa = PBXFileReference; fileEncoding = 4; lastKnownFileType = text.xml; path = my_ergo.xml; sourceTree = "<group>"; };
/* End PBXFileReference section */

/* Begin PBXGroup section */
		A812C6B316132D3A0007269F /* doc */ = {
			isa = PBXGroup;
			children = (
				A8C80800170DC08A00918946 /* _static */,
				A8C80801170DC08B00918946 /* _templates */,
				A812C6B416132D3A0007269F /* conf.py */,
				A812C6B716132D3A0007269F /* index.rst */,
				A812C6B816132D3A0007269F /* intro.rst */,
				A812C6BB16132D3A0007269F /* tutorial.rst */,
				A827869D16972971004D4D50 /* tools.rst */,
				A812C6B616132D3A0007269F /* FAQ.rst */,
				A812C6BE161331350007269F /* knownissues.rst */,
				A85047431696062500EF5AB8 /* api.rst */,
				A80D6D0116DE2AF2009D2E81 /* pypot.dynamixel.rst */,
				A87CECD317180C41007A8199 /* pypot.primitive.rst */,
				A80D6D0216DE2AF2009D2E81 /* pypot.robot.rst */,
				A8A0399316D661D10004BB6A /* ErgoRobots.jpg */,
				A86752EF1712F9750053EA30 /* herborist.png */,
			);
			path = doc;
			sourceTree = SOURCE_ROOT;
		};
		A82103AB170B2A3A00A1913F /* tools */ = {
			isa = PBXGroup;
			children = (
				A82103AF170B2AA400A1913F /* __init__.py */,
				A82103AC170B2A3A00A1913F /* herborist */,
			);
			path = tools;
			sourceTree = "<group>";
		};
		A82103AC170B2A3A00A1913F /* herborist */ = {
			isa = PBXGroup;
			children = (
				A82103B0170B2AAD00A1913F /* __init__.py */,
				A82103AD170B2A3A00A1913F /* herborist.py */,
				A82103AE170B2A3A00A1913F /* herborist.ui */,
			);
			path = herborist;
			sourceTree = "<group>";
		};
		A82103B1170B2FAF00A1913F /* configuration */ = {
			isa = PBXGroup;
			children = (
				A89421AB174FA1A700E0FB47 /* poppy.xml */,
				A82103B2170B2FAF00A1913F /* ergo_robot.xml */,
				A82103B4170B2FAF00A1913F /* torso.xml */,
				A8C16FBD17131DA1007B8903 /* tmp.xml */,
				A8DB277A1737ADD50079B65D /* my_ergo.xml */,
			);
			path = configuration;
			sourceTree = "<group>";
		};
		A82C2DCA174E1F9800DF913E /* server */ = {
			isa = PBXGroup;
			children = (
				A82C2DCB174E1FA800DF913E /* __init__.py */,
				A89A7C6F174FABEC008A9321 /* server.py */,
				A82C2DCC174E1FBE00DF913E /* request.py */,
				A82C2DCD174E49A900DF913E /* zmqserver.py */,
				A82C2DCE174E49D400DF913E /* webserver.py */,
			);
			path = server;
			sourceTree = "<group>";
		};
		A861046F15BF06DC005F6573 = {
			isa = PBXGroup;
			children = (
				A861048415BF3D62005F6573 /* pypot */,
				A812C6B316132D3A0007269F /* doc */,
				A861048215BF3ADC005F6573 /* setup.py */,
				A861048315BF3AE8005F6573 /* README */,
			);
			sourceTree = "<group>";
		};
		A861048415BF3D62005F6573 /* pypot */ = {
			isa = PBXGroup;
			children = (
				A8BED67515BFFFAA00229A79 /* __init__.py */,
				A8C7D0DE15F79E07007C5E66 /* robot */,
				A8C16FB51713195C007B8903 /* primitive */,
				A82C2DCA174E1F9800DF913E /* server */,
				A8BED67315BFFF9B00229A79 /* dynamixel */,
				A82103AB170B2A3A00A1913F /* tools */,
				A83A7D7A16AFF9D80009BA91 /* utils.py */,
			);
			path = pypot;
			sourceTree = "<group>";
		};
		A8BED67315BFFF9B00229A79 /* dynamixel */ = {
			isa = PBXGroup;
			children = (
				A8BED67615BFFFB900229A79 /* __init__.py */,
				A82D52C815F2599E00ED73DC /* io.py */,
				A8C7D0E015F7A39C007C5E66 /* motor.py */,
				A8C7D0DF15F79E6A007C5E66 /* controller.py */,
				A89F23B415F602E8007590EC /* packet.py */,
				A82D52CA15F259C800ED73DC /* conversion.py */,
				A8656EE0165BC43C006B73F3 /* error.py */,
			);
			path = dynamixel;
			sourceTree = "<group>";
		};
		A8C16FB51713195C007B8903 /* primitive */ = {
			isa = PBXGroup;
			children = (
				A8C16FB61713195C007B8903 /* __init__.py */,
				A8C16FB91713195C007B8903 /* primitive.py */,
				A8C16FB81713195C007B8903 /* manager.py */,
				A8C16FBC1713195C007B8903 /* utils.py */,
			);
			path = primitive;
			sourceTree = "<group>";
		};
		A8C7D0DE15F79E07007C5E66 /* robot */ = {
			isa = PBXGroup;
			children = (
				A82F6C7515F89EC000AFBA1E /* __init__.py */,
				A8C7D0E115F7A926007C5E66 /* robot.py */,
				A842F7A61682095D00BF235B /* xmlparser.py */,
				A82103B1170B2FAF00A1913F /* configuration */,
			);
			path = robot;
			sourceTree = "<group>";
		};
		A8C80800170DC08A00918946 /* _static */ = {
			isa = PBXGroup;
			children = (
				A8C80803170DCAE800918946 /* my-css.css */,
			);
			path = _static;
			sourceTree = "<group>";
		};
		A8C80801170DC08B00918946 /* _templates */ = {
			isa = PBXGroup;
			children = (
				A8C80802170DC09400918946 /* layout.html */,
			);
			path = _templates;
			sourceTree = "<group>";
		};
/* End PBXGroup section */

/* Begin PBXLegacyTarget section */
		A861047615BF06DC005F6573 /* PyPot */ = {
			isa = PBXLegacyTarget;
			buildArgumentsString = "$(ACTION)";
			buildConfigurationList = A861047915BF06DC005F6573 /* Build configuration list for PBXLegacyTarget "PyPot" */;
			buildPhases = (
			);
			buildToolPath = /usr/bin/python;
			dependencies = (
			);
			name = PyPot;
			passBuildSettingsInEnvironment = 1;
			productName = PyPot;
		};
/* End PBXLegacyTarget section */

/* Begin PBXProject section */
		A861047115BF06DC005F6573 /* Project object */ = {
			isa = PBXProject;
			attributes = {
				LastUpgradeCheck = 0460;
				ORGANIZATIONNAME = INRIA;
			};
			buildConfigurationList = A861047415BF06DC005F6573 /* Build configuration list for PBXProject "PyPot" */;
			compatibilityVersion = "Xcode 3.2";
			developmentRegion = English;
			hasScannedForEncodings = 0;
			knownRegions = (
				en,
			);
			mainGroup = A861046F15BF06DC005F6573;
			projectDirPath = "";
			projectRoot = "";
			targets = (
				A861047615BF06DC005F6573 /* PyPot */,
			);
		};
/* End PBXProject section */

/* Begin XCBuildConfiguration section */
		A861047715BF06DC005F6573 /* Debug */ = {
			isa = XCBuildConfiguration;
			buildSettings = {
				ALWAYS_SEARCH_USER_PATHS = NO;
				ARCHS = "$(ARCHS_STANDARD_64_BIT)";
				CLANG_WARN_CONSTANT_CONVERSION = YES;
				CLANG_WARN_ENUM_CONVERSION = YES;
				CLANG_WARN_INT_CONVERSION = YES;
				CLANG_WARN__DUPLICATE_METHOD_MATCH = YES;
				COPY_PHASE_STRIP = NO;
				GCC_C_LANGUAGE_STANDARD = gnu99;
				GCC_DYNAMIC_NO_PIC = NO;
				GCC_ENABLE_OBJC_EXCEPTIONS = YES;
				GCC_OPTIMIZATION_LEVEL = 0;
				GCC_PREPROCESSOR_DEFINITIONS = (
					"DEBUG=1",
					"$(inherited)",
				);
				GCC_SYMBOLS_PRIVATE_EXTERN = NO;
				GCC_VERSION = com.apple.compilers.llvm.clang.1_0;
				GCC_WARN_64_TO_32_BIT_CONVERSION = YES;
				GCC_WARN_ABOUT_RETURN_TYPE = YES;
				GCC_WARN_UNINITIALIZED_AUTOS = YES;
				GCC_WARN_UNUSED_VARIABLE = YES;
				MACOSX_DEPLOYMENT_TARGET = 10.7;
				ONLY_ACTIVE_ARCH = YES;
				SDKROOT = macosx;
			};
			name = Debug;
		};
		A861047815BF06DC005F6573 /* Release */ = {
			isa = XCBuildConfiguration;
			buildSettings = {
				ALWAYS_SEARCH_USER_PATHS = NO;
				ARCHS = "$(ARCHS_STANDARD_64_BIT)";
				CLANG_WARN_CONSTANT_CONVERSION = YES;
				CLANG_WARN_ENUM_CONVERSION = YES;
				CLANG_WARN_INT_CONVERSION = YES;
				CLANG_WARN__DUPLICATE_METHOD_MATCH = YES;
				COPY_PHASE_STRIP = YES;
				DEBUG_INFORMATION_FORMAT = "dwarf-with-dsym";
				GCC_C_LANGUAGE_STANDARD = gnu99;
				GCC_ENABLE_OBJC_EXCEPTIONS = YES;
				GCC_VERSION = com.apple.compilers.llvm.clang.1_0;
				GCC_WARN_64_TO_32_BIT_CONVERSION = YES;
				GCC_WARN_ABOUT_RETURN_TYPE = YES;
				GCC_WARN_UNINITIALIZED_AUTOS = YES;
				GCC_WARN_UNUSED_VARIABLE = YES;
				MACOSX_DEPLOYMENT_TARGET = 10.7;
				SDKROOT = macosx;
			};
			name = Release;
		};
		A861047A15BF06DC005F6573 /* Debug */ = {
			isa = XCBuildConfiguration;
			buildSettings = {
				COMBINE_HIDPI_IMAGES = YES;
				DEBUGGING_SYMBOLS = YES;
				GCC_GENERATE_DEBUGGING_SYMBOLS = YES;
				GCC_OPTIMIZATION_LEVEL = 0;
				OTHER_CFLAGS = "";
				OTHER_LDFLAGS = "";
				PRODUCT_NAME = "$(TARGET_NAME)";
			};
			name = Debug;
		};
		A861047B15BF06DC005F6573 /* Release */ = {
			isa = XCBuildConfiguration;
			buildSettings = {
				COMBINE_HIDPI_IMAGES = YES;
				OTHER_CFLAGS = "";
				OTHER_LDFLAGS = "";
				PRODUCT_NAME = "$(TARGET_NAME)";
			};
			name = Release;
		};
/* End XCBuildConfiguration section */

/* Begin XCConfigurationList section */
		A861047415BF06DC005F6573 /* Build configuration list for PBXProject "PyPot" */ = {
			isa = XCConfigurationList;
			buildConfigurations = (
				A861047715BF06DC005F6573 /* Debug */,
				A861047815BF06DC005F6573 /* Release */,
			);
			defaultConfigurationIsVisible = 0;
			defaultConfigurationName = Release;
		};
		A861047915BF06DC005F6573 /* Build configuration list for PBXLegacyTarget "PyPot" */ = {
			isa = XCConfigurationList;
			buildConfigurations = (
				A861047A15BF06DC005F6573 /* Debug */,
				A861047B15BF06DC005F6573 /* Release */,
			);
			defaultConfigurationIsVisible = 0;
			defaultConfigurationName = Release;
		};
/* End XCConfigurationList section */
	};
	rootObject = A861047115BF06DC005F6573 /* Project object */;
}
